github.com/BurntSushi/toml v0.3.1 h1:WXkYYl6Yr3qBf1K79EBnL4mak0OimBfB0XUf9Vl28OQ=
github.com/BurntSushi/toml v0.3.1/go.mod h1:xHWCNGjB5oqiDr8zfno3MHue2Ht5sIBksp03qcyfWMU=
github.com/OpenPeeDeeP/xdg v0.2.0 h1:xr89rnllbkRkM7SV9Y++FJ8TGkbdkhhBQm5kOkGT7AE=
github.com/OpenPeeDeeP/xdg v0.2.0/go.mod h1:tMoSueLQlMf0TCldjrJLNIjAc5qAOIcHt5REi88/Ygo=
github.com/asaskevich/govalidator v0.0.0-20190424111038-f61b66f89f4a h1:idn718Q4B6AGu/h5Sxe66HYVdqdGu2l9Iebqhi/AEoA=
github.com/asaskevich/govalidator v0.0.0-20190424111038-f61b66f89f4a/go.mod h1:lB+ZfQJz7igIIfQNfa7Ml4HSf2uFQQRzpGGRXenZAgY=
github.com/aws/aws-sdk-go v1.23.8 h1:G/azJoBN0pnhB3B+0eeC4yyVFYIIad6bbzg6wwtImqk=
github.com/aws/aws-sdk-go v1.23.8/go.mod h1:KmX6BPdI08NWTb3/sm4ZGu5ShLoqVDhKgpiN924inxo=
github.com/aws/aws-sdk-go v1.29.6 h1:NOIdEZzUjGh4LMEJUoc7N5yABulYFsKYZp/26NUDEFM=
github.com/aws/aws-sdk-go v1.29.6/go.mod h1:1KvfttTE3SPKMpo8g2c6jL3ZKfXtFvKscTgahTma5Xg=
github.com/aws/aws-sdk-go v1.29.7 h1:mwe1Bls/BsB3hB3I9CtUIWSpe1u3wdPcwdvtD9lkzsU=
github.com/aws/aws-sdk-go v1.29.7/go.mod h1:1KvfttTE3SPKMpo8g2c6jL3ZKfXtFvKscTgahTma5Xg=
github.com/aws/aws-sdk-go v1.35.10/go.mod h1:tlPOdRjfxPBpNIwqDj61rmsnA85v9jc0Ps9+muhnW+k=
github.com/davecgh/go-spew v1.1.0/go.mod h1:J7Y8YcW2NihsgmVo/mv3lAwl/skON4iLHjSsI+c5H38=
github.com/davecgh/go-spew v1.1.1 h1:vj9j/u1bqnvCEfJOwUhtlOARqs3+rkHYY13jYWTU97c=
github.com/davecgh/go-spew v1.1.1/go.mod h1:J7Y8YcW2NihsgmVo/mv3lAwl/skON4iLHjSsI+c5H38=
github.com/go-ozzo/ozzo-validation v3.6.0+incompatible h1:msy24VGS42fKO9K1vLz82/GeYW1cILu7Nuuj1N3BBkE=
github.com/go-ozzo/ozzo-validation v3.6.0+incompatible/go.mod h1:gsEKFIVnabGBt6mXmxK0MoFy+cZoTJY6mu5Ll3LVLBU=
github.com/go-sql-driver/mysql v1.5.0/go.mod h1:DCzpHaOWr8IXmIStZouvnhqoel9Qv2LBy8hT2VhHyBg=
github.com/golang/protobuf v1.3.1 h1:YF8+flBXS5eO826T4nzqPrxfhQThhXl0YzfuUPu4SBg=
github.com/golang/protobuf v1.3.1/go.mod h1:6lQm79b+lXiMfvg/cZm0SGofjICqVBUtrP5yJMmIC1U=
github.com/google/go-cmp v0.3.1 h1:Xye71clBPdm5HgqGwUkwhbynsUJZhDbS20FvLhQ2izg=
github.com/google/go-cmp v0.3.1/go.mod h1:8QqcDgzrUqlUb/G2PQTWiueGozuR1884gddMywk6iLU=
github.com/google/go-cmp v0.4.0 h1:xsAVV57WRhGj6kEIi8ReJzQlHHqcBYCElAvkovg3B/4=
github.com/google/go-cmp v0.4.0/go.mod h1:v8dTdLbMG2kIc/vJvl+f65V22dbkXbowE6jgT/gNBxE=
github.com/google/go-github v0.0.0-20160802180827-56add9d4071b h1:RqHoi09dHniK/7ZOXEgPoXGQDxteuNCMD09OEgOJllQ=
github.com/google/go-github v0.0.0-20160802180827-56add9d4071b/go.mod h1:zLgOLi98H3fifZn+44m+umXrS52loVEgC2AApnigrVQ=
github.com/google/go-querystring v0.0.0-20160401233042-9235644dd9e5 h1:oERTZ1buOUYlpmKaqlO5fYmz8cZ1rYu5DieJzF4ZVmU=
github.com/google/go-querystring v0.0.0-20160401233042-9235644dd9e5/go.mod h1:odCYkC5MyYFN7vkCjXpyrEuKhc/BUO6wN/zVPAxq5ck=
github.com/guelfey/go.dbus v0.0.0-20131113121618-f6a3a2366cc3 h1:fngCxKbvZdctIsWj2hYijhAt4iK0JXSSA78B36xP0yI=
github.com/guelfey/go.dbus v0.0.0-20131113121618-f6a3a2366cc3/go.mod h1:0CNX5Cvi77WEH8llpfZ/ieuqyceb1cnO5//b5zzsnF8=
github.com/howeyc/gopass v0.0.0-20160803164817-b63a7d07e65d h1:QSXZhkCwA1j3WbSVEnxB+9sPsuthBgvpi4BUTaYPc6E=
github.com/howeyc/gopass v0.0.0-20160803164817-b63a7d07e65d/go.mod h1:lADxMC39cJJqL93Duh1xhAs4I2Zs8mKS89XWXFGp9cs=
github.com/imdario/mergo v0.3.7 h1:Y+UAYTZ7gDEuOfhxKWy+dvb5dRQ6rJjFSdX2HZY1/gI=
github.com/imdario/mergo v0.3.7/go.mod h1:2EnlNZ0deacrJVfApfmtdGgDfMuh/nq6Ok1EcJh5FfA=
github.com/imdario/mergo v0.3.8 h1:CGgOkSJeqMRmt0D9XLWExdT4m4F1vd3FV3VPt+0VxkQ=
github.com/imdario/mergo v0.3.8/go.mod h1:2EnlNZ0deacrJVfApfmtdGgDfMuh/nq6Ok1EcJh5FfA=
github.com/jmespath/go-jmespath v0.0.0-20180206201540-c2b33e8439af h1:pmfjZENx5imkbgOkpRUYLnmbU7UEFbjtDA2hxJ1ichM=
github.com/jmespath/go-jmespath v0.0.0-20180206201540-c2b33e8439af/go.mod h1:Nht3zPeWKUH0NzdCt2Blrr5ys8VGpn0CEB0cQHVjt7k=
github.com/jmespath/go-jmespath v0.4.0/go.mod h1:T8mJZnbsbmF+m6zOOFylbeCJqk5+pHWvzYPziyZiYoo=
github.com/jmespath/go-jmespath/internal/testify v1.5.1/go.mod h1:L3OGu8Wl2/fWfCI6z80xFu9LTZmf1ZRjMHUOPmWr69U=
github.com/joeshaw/envdecode v0.0.0-20190604014844-d6d9849fcc2c h1:Z7RM1P7EAxnD1w40nHzHiW0uSpQmhAaUwyoUB6jqn+A=
github.com/joeshaw/envdecode v0.0.0-20190604014844-d6d9849fcc2c/go.mod h1:MEQrHur0g8VplbLOv5vXmDzacSaH9Z7XhcgsSh1xciU=
github.com/kr/pretty v0.1.0 h1:L/CwN0zerZDmRFUapSPitk6f+Q3+0za1rQkzVuMiMFI=
github.com/kr/pretty v0.1.0/go.mod h1:dAy3ld7l9f0ibDNOQOHHMYYIIbhfbHSm3C4ZsoJORNo=
github.com/kr/pty v1.1.1/go.mod h1:pFQYn66WHrOpPYNljwOMqo10TkYh1fy3cYio2l3bCsQ=
github.com/kr/text v0.1.0 h1:45sCR5RtlFHMR4UwH9sdQ5TC8v0qDQCHnXt+kaKSTVE=
github.com/kr/text v0.1.0/go.mod h1:4Jbv+DJW3UT/LiOwJeYQe1efqtUx/iVham/4vfdArNI=
github.com/mcuadros/go-defaults v1.1.0 h1:K0LgSNfsSUrbEHR7HgfZpOHVWYsPnYh/dKTA7pGeZ/I=
github.com/mcuadros/go-defaults v1.1.0/go.mod h1:vl9cJiNIIHISQeboDhZBUCiCOa3GkeioLe3Y95NXF6Y=
github.com/oleiade/reflections v0.0.0-20131121131850-632977f98cd3 h1:shfb0dwW+oUvt8GjdLeitj0PpE4hw9mN6WXZ4OAf9DY=
github.com/oleiade/reflections v0.0.0-20131121131850-632977f98cd3/go.mod h1:RbATFBbKYkVdqmSFtx13Bb/tVhR0lgOBXunWTZKeL4w=
github.com/oleiade/serrure v0.0.0-20160812094227-28794589ac9b h1:3D0HyVLogm3spti98Jp9tRAEkgLq0dzLVVNcTD6/DxA=
github.com/oleiade/serrure v0.0.0-20160812094227-28794589ac9b/go.mod h1:mPec4DPLMKWSD0cuiTXUDLe6W96ERayhfXz8QAVq2Sc=
github.com/oleiade/tempura v0.0.0-20140528162001-1e4f5790d506 h1:M7Y+MexyOaIR9jhUJ0L0Ubi1hvyl1Zf/HNj2MCluegQ=
github.com/oleiade/tempura v0.0.0-20140528162001-1e4f5790d506/go.mod h1:ntxgn8lHBBO3Id3152amVvKq3HdvNRIOX3IT6AxMHZc=
github.com/pkg/errors v0.9.1/go.mod h1:bwawxfHBFNV+L2hUp1rHADufV3IMtnDRdf1r5NINEl0=
github.com/pmezard/go-difflib v1.0.0 h1:4DBwDE0NGyQoBHbLQYPwSUPoCMWR5BEzIk/f1lZbAQM=
github.com/pmezard/go-difflib v1.0.0/go.mod h1:iKH77koFhYxTK1pcRnkKkqfTogsbg7gZNVY4sRDYZ/4=
github.com/stretchr/objx v0.1.0/go.mod h1:HFkY916IF+rwdDfMAkV7OtwuqBVzrE8GR6GFx+wExME=
github.com/stretchr/objx v0.1.1 h1:2vfRuCMp5sSVIDSqO8oNnWJq7mPa6KVP3iPIwFBuy8A=
github.com/stretchr/objx v0.1.1/go.mod h1:HFkY916IF+rwdDfMAkV7OtwuqBVzrE8GR6GFx+wExME=
github.com/stretchr/testify v1.2.2 h1:bSDNvY7ZPG5RlJ8otE/7V6gMiyenm9RtJ7IUVIAoJ1w=
github.com/stretchr/testify v1.2.2/go.mod h1:a8OnRcib4nhh0OaRAV+Yts87kKdq0PP7pXfy6kDkUVs=
github.com/stretchr/testify v1.4.0/go.mod h1:j7eGeouHqKxXV5pUuKE4zz7dFj8WfuZ+81PSLYec5m4=
github.com/stretchr/testify v1.5.1 h1:nOGnQDM7FYENwehXlg/kFVnos3rEvtKTjRvOWSzb6H4=
github.com/stretchr/testify v1.5.1/go.mod h1:5W2xD1RspED5o8YsWQXVCued0rvSQ+mT+I5cxcmMvtA=
github.com/tmc/keyring v0.0.0-20160307194037-adec3bef79f7 h1:WhLeVc9Ces9elO8LWkwY4eI8WLE2yc1uDZ2WW2RJsbU=
github.com/tmc/keyring v0.0.0-20160307194037-adec3bef79f7/go.mod h1:gsa3jftQ3xia55nzIN4lXLYzDcWdxjojdKoz+N0St2Y=
github.com/urfave/cli v0.0.0-20160801031116-168c95418e66 h1:m/zAWqYuR3XCQ/dBvyPPs+2wEUru3Ndb41zQlr9z8KQ=
github.com/urfave/cli v0.0.0-20160801031116-168c95418e66/go.mod h1:70zkFmudgCuE/ngEzBv17Jvp/497gISqfk5gWijbERA=
golang.org/x/crypto v0.0.0-20190308221718-c2843e01d9a2/go.mod h1:djNgcEr1/C05ACkg1iLfiJU5Ep61QUkGW8qpdssI0+w=
golang.org/x/crypto v0.0.0-20190605123033-f99c8df09eb5 h1:58fnuSXlxZmFdJyvtTFVmVhcMLU6v5fEb/ok4wyqtNU=
golang.org/x/crypto v0.0.0-20190605123033-f99c8df09eb5/go.mod h1:yigFU9vqHzYiE8UmvKecakEJjdnWj3jj499lnFckfCI=
golang.org/x/net v0.0.0-20190311183353-d8887717615a/go.mod h1:t9HGtf8HONx5eT2rtn7q6eTqICYqUVnKs3thJo3Qplg=
golang.org/x/net v0.0.0-20190404232315-eb5bcb51f2a3/go.mod h1:t9HGtf8HONx5eT2rtn7q6eTqICYqUVnKs3thJo3Qplg=
golang.org/x/net v0.0.0-20190603091049-60506f45cf65 h1:+rhAzEzT3f4JtomfC371qB+0Ola2caSKcY69NUBZrRQ=
golang.org/x/net v0.0.0-20190603091049-60506f45cf65/go.mod h1:HSz+uSET+XFnRR8LxR5pz3Of3rY3CfYBVs4xY44aLks=
golang.org/x/net v0.0.0-20200202094626-16171245cfb2/go.mod h1:z5CRVTTTmAJ677TzLLGU+0bjPO0LkuOLi4/5GtJWs/s=
golang.org/x/oauth2 v0.0.0-20160810173516-4784bb855e56 h1:HiiJye4gG8Fcv2Y07oKLC/LLoWZ2DWq9d/hBK0B+aSY=
golang.org/x/oauth2 v0.0.0-20160810173516-4784bb855e56/go.mod h1:N/0e6XlmueqKjAGxoOufVs8QHGRruUQn6yWY3a++T0U=
golang.org/x/sync v0.0.0-20190423024810-112230192c58/go.mod h1:RxMgew5VJxzue5/jJTE5uejpjVlOe/izrB70Jof72aM=
golang.org/x/sys v0.0.0-20190215142949-d0b11bdaac8a/go.mod h1:STP8DvDyc/dI5b8T5hshtkjS+E42TnysNCUPdjciGhY=
golang.org/x/sys v0.0.0-20190412213103-97732733099d/go.mod h1:h1NjWce9XRLGQEsW7wpKNCjG9DtNlClVuFLEZdDNbEs=
golang.org/x/sys v0.0.0-20190606165138-5da285871e9c h1:+EXw7AwNOKzPFXMZ1yNjO40aWCh3PIquJB2fYlv9wcs=
golang.org/x/sys v0.0.0-20190606165138-5da285871e9c/go.mod h1:h1NjWce9XRLGQEsW7wpKNCjG9DtNlClVuFLEZdDNbEs=
golang.org/x/text v0.3.0/go.mod h1:NqM8EUOU14njkJ3fqMW+pc6Ldnwhi/IjpwHt7yyuwOQ=
golang.org/x/text v0.3.2 h1:tW2bmiBqwgJj/UpqtC8EpXEZVYOwU0yG4iWbprSVAcs=
golang.org/x/text v0.3.2/go.mod h1:bEr9sfX3Q8Zfm5fL9x+3itogRgK3+ptLWKqgva+5dAk=
golang.org/x/tools v0.0.0-20180917221912-90fa682c2a6e/go.mod h1:n7NCudcB/nEzxVGmLbDWY5pfWTLqBcC2KZ6jyYvM4mQ=
golang.org/x/tools v0.0.0-20190606124116-d0a3d012864b/go.mod h1:/rFqwRUd4F7ZHNgwSSTFct+R/Kf4OFW1sUzUTQQTgfc=
golang.org/x/xerrors v0.0.0-20191204190536-9bdfabe68543/go.mod h1:I/5z698sn9Ka8TeJc9MKroUUfqBBauWjQqLJ2OPfmY0=
google.golang.org/appengine v1.6.1 h1:QzqyMA1tlu6CgqCDUtU9V+ZKhLFT2dkJuANu5QaxI3I=
google.golang.org/appengine v1.6.1/go.mod h1:i06prIuMbXzDqacNJfV5OdTW448YApPu5ww/cMBSeb0=
gopkg.in/check.v1 v0.0.0-20161208181325-20d25e280405/go.mod h1:Co6ibVJAznAaIkqp8huTwlJQCZ016jof/cbN4VW5Yz0=
gopkg.in/check.v1 v1.0.0-20180628173108-788fd7840127 h1:qIbj1fsPNlZgppZ+VLlY7N33q108Sa+fhmuc+sWQYwY=
gopkg.in/check.v1 v1.0.0-20180628173108-788fd7840127/go.mod h1:Co6ibVJAznAaIkqp8huTwlJQCZ016jof/cbN4VW5Yz0=
gopkg.in/yaml.v2 v2.2.2 h1:ZCJp+EgiOT7lHqUV2J862kp8Qj64Jo6az82+3Td9dZw=
gopkg.in/yaml.v2 v2.2.2/go.mod h1:hI93XBmqTisBFMUTm0b8Fm+jr3Dg1NNxqwp+5A1VGuI=
gopkg.in/yaml.v2 v2.2.8/go.mod h1:hI93XBmqTisBFMUTm0b8Fm+jr3Dg1NNxqwp+5A1VGuI=
