github.com/crowdmob/goamz v0.0.0-20150128194925-3a06871fe9fc h1:Gn/roShKxUNtNYEEH+ZeGxMJ+RsCBZdIdb8pKOesTaA=
github.com/crowdmob/goamz v0.0.0-20150128194925-3a06871fe9fc/go.mod h1:4zrXGiIhmCfgVUO6nJpSa9QVXylPKBYkLa179m59HzE=
github.com/davecgh/go-spew v0.0.0-20151105211317-5215b55f46b2/go.mod h1:J7Y8YcW2NihsgmVo/mv3lAwl/skON4iLHjSsI+c5H38=
github.com/google/go-github v0.0.0-20160802180827-56add9d4071b h1:RqHoi09dHniK/7ZOXEgPoXGQDxteuNCMD09OEgOJllQ=
github.com/google/go-github v0.0.0-20160802180827-56add9d4071b/go.mod h1:zLgOLi98H3fifZn+44m+umXrS52loVEgC2AApnigrVQ=
github.com/google/go-querystring v0.0.0-20160401233042-9235644dd9e5 h1:oERTZ1buOUYlpmKaqlO5fYmz8cZ1rYu5DieJzF4ZVmU=
github.com/google/go-querystring v0.0.0-20160401233042-9235644dd9e5/go.mod h1:odCYkC5MyYFN7vkCjXpyrEuKhc/BUO6wN/zVPAxq5ck=
github.com/guelfey/go.dbus v0.0.0-20131113121618-f6a3a2366cc3/go.mod h1:0CNX5Cvi77WEH8llpfZ/ieuqyceb1cnO5//b5zzsnF8=
github.com/howeyc/gopass v0.0.0-20160803164817-b63a7d07e65d h1:QSXZhkCwA1j3WbSVEnxB+9sPsuthBgvpi4BUTaYPc6E=
github.com/howeyc/gopass v0.0.0-20160803164817-b63a7d07e65d/go.mod h1:lADxMC39cJJqL93Duh1xhAs4I2Zs8mKS89XWXFGp9cs=
github.com/oleiade/reflections v0.0.0-20131121131850-632977f98cd3 h1:shfb0dwW+oUvt8GjdLeitj0PpE4hw9mN6WXZ4OAf9DY=
github.com/oleiade/reflections v0.0.0-20131121131850-632977f98cd3/go.mod h1:RbATFBbKYkVdqmSFtx13Bb/tVhR0lgOBXunWTZKeL4w=
github.com/oleiade/serrure v0.0.0-20160812094227-28794589ac9b h1:3D0HyVLogm3spti98Jp9tRAEkgLq0dzLVVNcTD6/DxA=
github.com/oleiade/serrure v0.0.0-20160812094227-28794589ac9b/go.mod h1:mPec4DPLMKWSD0cuiTXUDLe6W96ERayhfXz8QAVq2Sc=
github.com/oleiade/tempura v0.0.0-20140528162001-1e4f5790d506/go.mod h1:ntxgn8lHBBO3Id3152amVvKq3HdvNRIOX3IT6AxMHZc=
github.com/pmezard/go-difflib v1.0.0/go.mod h1:iKH77koFhYxTK1pcRnkKkqfTogsbg7gZNVY4sRDYZ/4=
github.com/stretchr/testify v0.0.0-20160615092844-d77da356e56a/go.mod h1:a8OnRcib4nhh0OaRAV+Yts87kKdq0PP7pXfy6kDkUVs=
github.com/tmc/keyring v0.0.0-20160307194037-adec3bef79f7 h1:WhLeVc9Ces9elO8LWkwY4eI8WLE2yc1uDZ2WW2RJsbU=
github.com/tmc/keyring v0.0.0-20160307194037-adec3bef79f7/go.mod h1:gsa3jftQ3xia55nzIN4lXLYzDcWdxjojdKoz+N0St2Y=
github.com/urfave/cli v0.0.0-20160801031116-168c95418e66 h1:m/zAWqYuR3XCQ/dBvyPPs+2wEUru3Ndb41zQlr9z8KQ=
github.com/urfave/cli v0.0.0-20160801031116-168c95418e66/go.mod h1:70zkFmudgCuE/ngEzBv17Jvp/497gISqfk5gWijbERA=
golang.org/x/crypto v0.0.0-20160812214243-6c932297e160 h1:AkzAVNEFqBH4dOlXpK/K33IDAJE6qGvs+9OKTmBGEM8=
golang.org/x/crypto v0.0.0-20160812214243-6c932297e160/go.mod h1:6SG95UA2DQfeDnfUPMdvaQW0Q7yPrPDi9nlGo2tz2b4=
golang.org/x/net v0.0.0-20160811235142-07b51741c1d6 h1:A/+8dHDavelB1CB3VF5cdxIxpkWlH8s5s2jzTXi2pM4=
golang.org/x/net v0.0.0-20160811235142-07b51741c1d6/go.mod h1:mL1N/T3taQHkDXs73rZJwtUhF3w3ftmwwsq0BUmARs4=
golang.org/x/oauth2 v0.0.0-20160810173516-4784bb855e56 h1:HiiJye4gG8Fcv2Y07oKLC/LLoWZ2DWq9d/hBK0B+aSY=
golang.org/x/oauth2 v0.0.0-20160810173516-4784bb855e56/go.mod h1:N/0e6XlmueqKjAGxoOufVs8QHGRruUQn6yWY3a++T0U=
